dependencies:
- name: vault-operator
  repository: https://kubernetes-charts.banzaicloud.com
  version: 1.15.8
- name: vault-secrets-webhook
  repository: https://kubernetes-charts.banzaicloud.com
  version: 1.15.11
digest: sha256:22c3e1effd1ecee8879a89b4bf41c671238831774d71545f49f70afca141f0dd
generated: "2022-07-15T01:35:15.72987736+02:00"
