dependencies:
- name: vault-operator
  repository: https://kubernetes-charts.banzaicloud.com
  version: 1.19.0
- name: vault-secrets-webhook
  repository: https://kubernetes-charts.banzaicloud.com
  version: 1.16.0
digest: sha256:8b27e583fc0b3c8a3a162e57897a5eaa1a6a2c3dcf3545950bd2e33a5da0de72
generated: "2023-09-15T21:32:41.277703756+02:00"
