dependencies:
- name: influxdb2
  repository: https://helm.influxdata.com/
  version: 2.0.4
- name: grafana
  repository: https://grafana.github.io/helm-charts
  version: 6.20.3
digest: sha256:fd95c7e179f4a246257bf97a8311be4b80636c250ccd008bbde97012b5fdc309
generated: "2021-12-29T23:16:04.554846158+01:00"
