dependencies:
- name: influxdb2
  repository: https://helm.influxdata.com/
  version: 2.1.0
- name: grafana
  repository: https://grafana.github.io/helm-charts
  version: 6.29.6
digest: sha256:761c15d41e53ef6d5fd266b172a075fc2df99e6988b22db46f136e5a2de13d7a
generated: "2022-06-07T05:25:03.254277285+02:00"
